
Microsoft Visual Studio Solution File, Format Version 12.00
# Visual Studio Version 17
VisualStudioVersion = 17.0.31912.275
MinimumVisualStudioVersion = 10.0.40219.1
Project("{2150E333-8FDC-42A3-9474-1A3956D46DE8}") = "Biz.FullFodder4u.Orders", "Biz.FullFodder4u.Orders", "{7E2C559D-221B-4CA5-8C71-8E5A289ACBB4}"
EndProject
Project("{9A19103F-16F7-4668-BE54-9A1E7A4F7556}") = "Biz.FullFodder4u.Orders.API", "Biz.FullFodder4u.Orders\Biz.FullFodder4u.Orders.API\Biz.FullFodder4u.Orders.API.csproj", "{2953AC64-FBC8-4E72-9167-8B4702A47CEC}"
EndProject
Project("{2150E333-8FDC-42A3-9474-1A3956D46DE8}") = "Biz.FullFodder4u.Restaurants", "Biz.FullFodder4u.Restaurants", "{30833467-C882-42E2-8024-244E8393E0E3}"
EndProject
Project("{9A19103F-16F7-4668-BE54-9A1E7A4F7556}") = "Biz.FullFodder4u.Restaurants.API", "Biz.FullFodder4u.Restaurants\Biz.FullFodder4u.Restaurants.API\Biz.FullFodder4u.Restaurants.API.csproj", "{47EEEB75-C8E9-48A7-AFB4-3723490E2EE1}"
EndProject
Project("{2150E333-8FDC-42A3-9474-1A3956D46DE8}") = "Biz.FullFodder4u.Identity", "Biz.FullFodder4u.Identity", "{3B837E6B-BBFB-4FBF-AFC4-B51C99719924}"
EndProject
Project("{9A19103F-16F7-4668-BE54-9A1E7A4F7556}") = "Biz.FullFodder4u.Identity.API", "Biz.FullFodder4u.Identity\Biz.FullFodder4u.Identity.API\Biz.FullFodder4u.Identity.API.csproj", "{DA5E07FB-F3F7-4559-A3FD-6E6167B9F331}"
EndProject
Project("{E53339B2-1760-4266-BCC7-CA923CBCF16C}") = "docker-compose", "docker-compose.dcproj", "{D5B9E189-F267-488A-8D6E-DCE2CA009F69}"
EndProject
Project("{2150E333-8FDC-42A3-9474-1A3956D46DE8}") = "sql", "sql", "{9CAD8F0B-649F-4289-9ED2-5C58D953BFD8}"
	ProjectSection(SolutionItems) = preProject
		sql\create_databases.sql = sql\create_databases.sql
	EndProjectSection
EndProject
Project("{2150E333-8FDC-42A3-9474-1A3956D46DE8}") = "Biz.FullFodder4u.BFF", "Biz.FullFodder4u.BFF", "{60B203D4-2F26-42AD-96AA-088A3BBC1D75}"
EndProject
Project("{FAE04EC0-301F-11D3-BF4B-00C04F79EFBC}") = "Biz.FullFodder4u.BFF", "Biz.FullFodder4u.BFF\Biz.FullFodder4u.BFF\Biz.FullFodder4u.BFF.csproj", "{1E6B8D4C-4053-4DD8-BCFB-D9A1EDC183B6}"
EndProject
Global
	GlobalSection(SolutionConfigurationPlatforms) = preSolution
		Debug|Any CPU = Debug|Any CPU
		Release|Any CPU = Release|Any CPU
	EndGlobalSection
	GlobalSection(ProjectConfigurationPlatforms) = postSolution
		{2953AC64-FBC8-4E72-9167-8B4702A47CEC}.Debug|Any CPU.ActiveCfg = Debug|Any CPU
		{2953AC64-FBC8-4E72-9167-8B4702A47CEC}.Debug|Any CPU.Build.0 = Debug|Any CPU
		{2953AC64-FBC8-4E72-9167-8B4702A47CEC}.Release|Any CPU.ActiveCfg = Release|Any CPU
		{2953AC64-FBC8-4E72-9167-8B4702A47CEC}.Release|Any CPU.Build.0 = Release|Any CPU
		{47EEEB75-C8E9-48A7-AFB4-3723490E2EE1}.Debug|Any CPU.ActiveCfg = Debug|Any CPU
		{47EEEB75-C8E9-48A7-AFB4-3723490E2EE1}.Debug|Any CPU.Build.0 = Debug|Any CPU
		{47EEEB75-C8E9-48A7-AFB4-3723490E2EE1}.Release|Any CPU.ActiveCfg = Release|Any CPU
		{47EEEB75-C8E9-48A7-AFB4-3723490E2EE1}.Release|Any CPU.Build.0 = Release|Any CPU
		{DA5E07FB-F3F7-4559-A3FD-6E6167B9F331}.Debug|Any CPU.ActiveCfg = Debug|Any CPU
		{DA5E07FB-F3F7-4559-A3FD-6E6167B9F331}.Debug|Any CPU.Build.0 = Debug|Any CPU
		{DA5E07FB-F3F7-4559-A3FD-6E6167B9F331}.Release|Any CPU.ActiveCfg = Release|Any CPU
		{DA5E07FB-F3F7-4559-A3FD-6E6167B9F331}.Release|Any CPU.Build.0 = Release|Any CPU
		{D5B9E189-F267-488A-8D6E-DCE2CA009F69}.Debug|Any CPU.ActiveCfg = Debug|Any CPU
		{D5B9E189-F267-488A-8D6E-DCE2CA009F69}.Debug|Any CPU.Build.0 = Debug|Any CPU
		{D5B9E189-F267-488A-8D6E-DCE2CA009F69}.Release|Any CPU.ActiveCfg = Release|Any CPU
		{D5B9E189-F267-488A-8D6E-DCE2CA009F69}.Release|Any CPU.Build.0 = Release|Any CPU
		{1E6B8D4C-4053-4DD8-BCFB-D9A1EDC183B6}.Debug|Any CPU.ActiveCfg = Debug|Any CPU
		{1E6B8D4C-4053-4DD8-BCFB-D9A1EDC183B6}.Debug|Any CPU.Build.0 = Debug|Any CPU
		{1E6B8D4C-4053-4DD8-BCFB-D9A1EDC183B6}.Release|Any CPU.ActiveCfg = Release|Any CPU
		{1E6B8D4C-4053-4DD8-BCFB-D9A1EDC183B6}.Release|Any CPU.Build.0 = Release|Any CPU
	EndGlobalSection
	GlobalSection(SolutionProperties) = preSolution
		HideSolutionNode = FALSE
	EndGlobalSection
	GlobalSection(NestedProjects) = preSolution
		{2953AC64-FBC8-4E72-9167-8B4702A47CEC} = {7E2C559D-221B-4CA5-8C71-8E5A289ACBB4}
		{47EEEB75-C8E9-48A7-AFB4-3723490E2EE1} = {30833467-C882-42E2-8024-244E8393E0E3}
		{DA5E07FB-F3F7-4559-A3FD-6E6167B9F331} = {3B837E6B-BBFB-4FBF-AFC4-B51C99719924}
		{1E6B8D4C-4053-4DD8-BCFB-D9A1EDC183B6} = {60B203D4-2F26-42AD-96AA-088A3BBC1D75}
	EndGlobalSection
	GlobalSection(ExtensibilityGlobals) = postSolution
		SolutionGuid = {871E2AE1-882C-4442-8AD9-F7A53D00B825}
	EndGlobalSection
EndGlobal
